
Microsoft Visual Studio Solution File, Format Version 12.00
# Visual Studio Version 16
VisualStudioVersion = 16.0.30413.136
MinimumVisualStudioVersion = 10.0.40219.1
Project("{FAE04EC0-301F-11D3-BF4B-00C04F79EFBC}") = "Clase 3 Ejercicio 2", "Clase 3 Ejercicio 2\Clase 3 Ejercicio 2.csproj", "{BB78EBD0-FECA-44F6-8165-048ACDC978A1}"
EndProject
Global
	GlobalSection(SolutionConfigurationPlatforms) = preSolution
		Debug|Any CPU = Debug|Any CPU
		Release|Any CPU = Release|Any CPU
	EndGlobalSection
	GlobalSection(ProjectConfigurationPlatforms) = postSolution
		{BB78EBD0-FECA-44F6-8165-048ACDC978A1}.Debug|Any CPU.ActiveCfg = Debug|Any CPU
		{BB78EBD0-FECA-44F6-8165-048ACDC978A1}.Debug|Any CPU.Build.0 = Debug|Any CPU
		{BB78EBD0-FECA-44F6-8165-048ACDC978A1}.Release|Any CPU.ActiveCfg = Release|Any CPU
		{BB78EBD0-FECA-44F6-8165-048ACDC978A1}.Release|Any CPU.Build.0 = Release|Any CPU
	EndGlobalSection
	GlobalSection(SolutionProperties) = preSolution
		HideSolutionNode = FALSE
	EndGlobalSection
	GlobalSection(ExtensibilityGlobals) = postSolution
		SolutionGuid = {553443BF-1472-4BC5-A5EC-B46988F709AD}
	EndGlobalSection
EndGlobal
